
Microsoft Visual Studio Solution File, Format Version 12.00
# Visual Studio Version 17
VisualStudioVersion = 17.3.32825.248
MinimumVisualStudioVersion = 10.0.40219.1
Project("{9A19103F-16F7-4668-BE54-9A1E7A4F7556}") = "Sea_Sharp_module_1", "Sea_Sharp_PV111\Sea_Sharp_module_1.csproj", "{7C22F19B-83AE-4EF2-8550-554B1BCE01D8}"
EndProject
Project("{9A19103F-16F7-4668-BE54-9A1E7A4F7556}") = "Sea_Sharp_module_2", "Sea_Sharp_module_2\Sea_Sharp_module_2.csproj", "{C2DE00A3-6DD9-478D-B537-9BD8214D4CDF}"
EndProject
Project("{9A19103F-16F7-4668-BE54-9A1E7A4F7556}") = "Sea_Sharp_module_6", "Sea_Sharp_module_6\Sea_Sharp_module_6.csproj", "{4E376778-4353-4E83-B2CA-C810FBE1BDFE}"
EndProject
Project("{9A19103F-16F7-4668-BE54-9A1E7A4F7556}") = "Sea_Sharp_module_3", "Sea_Sharp_module_3\Sea_Sharp_module_3.csproj", "{D0CDC290-AFB7-4C61-9CF0-EF762196B029}"
EndProject
Project("{FAE04EC0-301F-11D3-BF4B-00C04F79EFBC}") = "Sea_Sharp_module_4", "Sea_Sharp_module_4\Sea_Sharp_module_4.csproj", "{82650D4A-51C4-4A1F-8A23-4485340EECE2}"
EndProject
Global
	GlobalSection(SolutionConfigurationPlatforms) = preSolution
		Debug|Any CPU = Debug|Any CPU
		Release|Any CPU = Release|Any CPU
	EndGlobalSection
	GlobalSection(ProjectConfigurationPlatforms) = postSolution
		{7C22F19B-83AE-4EF2-8550-554B1BCE01D8}.Debug|Any CPU.ActiveCfg = Debug|Any CPU
		{7C22F19B-83AE-4EF2-8550-554B1BCE01D8}.Debug|Any CPU.Build.0 = Debug|Any CPU
		{7C22F19B-83AE-4EF2-8550-554B1BCE01D8}.Release|Any CPU.ActiveCfg = Release|Any CPU
		{7C22F19B-83AE-4EF2-8550-554B1BCE01D8}.Release|Any CPU.Build.0 = Release|Any CPU
		{C2DE00A3-6DD9-478D-B537-9BD8214D4CDF}.Debug|Any CPU.ActiveCfg = Debug|Any CPU
		{C2DE00A3-6DD9-478D-B537-9BD8214D4CDF}.Debug|Any CPU.Build.0 = Debug|Any CPU
		{C2DE00A3-6DD9-478D-B537-9BD8214D4CDF}.Release|Any CPU.ActiveCfg = Release|Any CPU
		{C2DE00A3-6DD9-478D-B537-9BD8214D4CDF}.Release|Any CPU.Build.0 = Release|Any CPU
		{4E376778-4353-4E83-B2CA-C810FBE1BDFE}.Debug|Any CPU.ActiveCfg = Debug|Any CPU
		{4E376778-4353-4E83-B2CA-C810FBE1BDFE}.Debug|Any CPU.Build.0 = Debug|Any CPU
		{4E376778-4353-4E83-B2CA-C810FBE1BDFE}.Release|Any CPU.ActiveCfg = Release|Any CPU
		{4E376778-4353-4E83-B2CA-C810FBE1BDFE}.Release|Any CPU.Build.0 = Release|Any CPU
		{D0CDC290-AFB7-4C61-9CF0-EF762196B029}.Debug|Any CPU.ActiveCfg = Debug|Any CPU
		{D0CDC290-AFB7-4C61-9CF0-EF762196B029}.Debug|Any CPU.Build.0 = Debug|Any CPU
		{D0CDC290-AFB7-4C61-9CF0-EF762196B029}.Release|Any CPU.ActiveCfg = Release|Any CPU
		{D0CDC290-AFB7-4C61-9CF0-EF762196B029}.Release|Any CPU.Build.0 = Release|Any CPU
		{82650D4A-51C4-4A1F-8A23-4485340EECE2}.Debug|Any CPU.ActiveCfg = Debug|Any CPU
		{82650D4A-51C4-4A1F-8A23-4485340EECE2}.Debug|Any CPU.Build.0 = Debug|Any CPU
		{82650D4A-51C4-4A1F-8A23-4485340EECE2}.Release|Any CPU.ActiveCfg = Release|Any CPU
		{82650D4A-51C4-4A1F-8A23-4485340EECE2}.Release|Any CPU.Build.0 = Release|Any CPU
	EndGlobalSection
	GlobalSection(SolutionProperties) = preSolution
		HideSolutionNode = FALSE
	EndGlobalSection
	GlobalSection(ExtensibilityGlobals) = postSolution
		SolutionGuid = {604551D1-E4E1-4B4D-BBA0-BE4077845793}
	EndGlobalSection
EndGlobal
